
Microsoft Visual Studio Solution File, Format Version 12.00
# Visual Studio Version 17
VisualStudioVersion = 17.7.34202.233
MinimumVisualStudioVersion = 10.0.40219.1
Project("{FAE04EC0-301F-11D3-BF4B-00C04F79EFBC}") = "Coding", "Coding\Coding.csproj", "{F272189D-37D9-44D8-896C-E5B4EF5DC907}"
EndProject
Global
	GlobalSection(SolutionConfigurationPlatforms) = preSolution
		Debug|Any CPU = Debug|Any CPU
		Release|Any CPU = Release|Any CPU
	EndGlobalSection
	GlobalSection(ProjectConfigurationPlatforms) = postSolution
		{F272189D-37D9-44D8-896C-E5B4EF5DC907}.Debug|Any CPU.ActiveCfg = Debug|Any CPU
		{F272189D-37D9-44D8-896C-E5B4EF5DC907}.Debug|Any CPU.Build.0 = Debug|Any CPU
		{F272189D-37D9-44D8-896C-E5B4EF5DC907}.Release|Any CPU.ActiveCfg = Release|Any CPU
		{F272189D-37D9-44D8-896C-E5B4EF5DC907}.Release|Any CPU.Build.0 = Release|Any CPU
	EndGlobalSection
	GlobalSection(SolutionProperties) = preSolution
		HideSolutionNode = FALSE
	EndGlobalSection
	GlobalSection(ExtensibilityGlobals) = postSolution
		SolutionGuid = {D0071AB6-9960-4978-A42C-F193D532845C}
	EndGlobalSection
EndGlobal
